repo jake-song-openmmo/onlinerpg-assets
revision 229317d9ea6ed0fdb4aa4d64688520ee07cc9d44
file 5edac6dfec09f450747fa2d9ad9dc64b10e717f2fa5a01729f0d4ebc00396cdd assets/Clapping.fbx
file 811755702cbd64a11a2228c02d1814185321b0cb18ff0eab39825ce783a7d38d assets/Defeated.fbx
file 81b84a7b0d42d73f40b12833b679409e6d9a34e014bc818da9b974e8bd173e95 assets/Excited.fbx
file 02d89c304d8804369e9f8a30825853771e6c56cf517a3e765792d2ebd014eb15 assets/Female Standing Pose (2).fbx
file a386a5bf20d26cd7b3247b3234ffc06eb675ae867e48b2361ac2f124df43151d assets/Female Standing Pose (3).fbx
file a08a4eea09785f69fbb30eae9cd3260314dd4b2f07e0c5ff3e08809ef538a4d1 assets/Female Standing Pose (4).fbx
file ab95318fabd105b2b2ff3095761afffbfdad3ce314f058b6585124b8191572cc assets/Meshy_AI_Ancient_Stone_Hearth_0827182508_texture.glb
file f649210633379baed221a8f5a2c73ecae657fbb8684b850e463ef81977dd3253 assets/Meshy_AI_Bottles_and_Scrolls_o_0809151940_texture.glb
file 409d0ac42eaf2b8f3c997cfb8cdf300aca1861ab7fa907c0da83d973df7c5285 assets/Meshy_AI_Celestial_Timekeeper_0827125612_texture.glb
file 78b684c6e14ee9d5d185e3ead26c04034e0484f9266a657a0325a996740ed384 assets/Meshy_AI_Crimson_Chalice_0902170706_texture.glb
file e8cc8d31ad7a36517e70520aa8a391c1d4e120e41c84492f203a8b0e71fff9a9 assets/Meshy_AI_Crimson_Cloak_with_Go_0817144434_texture_obj.zip
file f1834b3b598aba58fc1a9b6f685e30863462f52499eb8c80d03490b10be5d227 assets/Meshy_AI_Crimson_Elixir_Bottle_0822104934_texture.glb
file b72dfe77bd2271641a7a508efa8b4868c42a9d75e2f0223b5a4acd70f3d2fe25 assets/Meshy_AI_Elegant_Maid_Pose_0830151822_texture (1).glb
file cbb7bf3b6dc34254accbc8d3a3e47de8c51283928b98793ee8606822ae19b237 assets/Meshy_AI_Elegant_Maid_Pose_0830152239_texture_obj.zip
file f0fd4ff2df9de2aa1a2116ff569a3f6ebefd1c0a835604c2e063da048f73ba30 assets/Meshy_AI_Feathered_Coin_Pouch_0813074816_texture.glb
file 841ffd8326c6ee85decaaf1dd2299d7286dd27dcb45e1389f1bae1dd0477caa1 assets/Meshy_AI_Foamforge_Tankard_0902170009_texture.glb
file b15a91f8de582838bede5d1ad1f29fee2fa77a6336f0b4ba27fd7e2579ee1098 assets/Meshy_AI_Golden_Key_0829144943_texture.glb
file c9dfc0bbb5968f9f88e49b4c56c0ab171998fac964555e97565329656d163d56 assets/Meshy_AI_Harvest_Medallion_Nec_0812153406_texture.glb
file daa224a218b11e14cf0c45794377fd7425adad69777c0bff8eaae9a402f13fd0 assets/Meshy_AI_Hyena_Warlord_0815114431_texture_obj.fbx
file 87cdb86ac502aed94ffb0fd1d96890f18177fbd761a1ec45955b9acac6e6a580 assets/Meshy_AI_Iron_Warlord_s_Mace_0816070254_texture_obj.zip
file b99235726e8f2ebe20e0066b2900c0c4293bc44c4072aff3bd1f2306e6626291 assets/Meshy_AI_Ironclad_Warlord_0814065431_texture_obj.fbx
file 5d768d021dcd8a98a689254c6c41233e31d06bcd6f4f27e7f6e8fabd4a54649f assets/Meshy_AI_Ironthorn_Crusher_0822110427_texture.glb
file 8e568aea76bf11e1235ca38ce4262e82869e26eaf2f567dfe31086452b3c135e assets/Meshy_AI_Knight_s_Elixir_0822105132_texture.glb
file 3a4889d5ca90c57909c1f91d1be3b248c2468a087a4e62ead1b0d8ccf56c0bbe assets/Meshy_AI_Pink_Porcelain_Maid_0831180550_texture.glb
file 758bd4d5e07198338cd782d4eb1819bf2c1fe21b248bf8ce1a31f13af28eaede assets/Meshy_AI_Pink_Porcelain_Maid_0831180601_texture_fbx.zip
file cfd4b2c71807437ce9645f57328cc148048490955c8fea08d6d12da1b0780afa assets/Meshy_AI_Pink_Porcelain_Maid_0831180703_texture_obj.zip
file ef846129e11c0df90a71e6448e9c30ef749fe4d23433e734a25cb3f1366b9bc4 assets/Meshy_AI_Recurve_Bow_0903165428_texture_fbx/Meshy_AI_Recurve_Bow_0903165428_texture.fbx
file b0c545be30873c4c90900f822685bdaf67ac0c03fa69ce6f13e81317f5d9a1f7 assets/Meshy_AI_Recurve_Bow_0903165428_texture_fbx/Meshy_AI_Recurve_Bow_0903165428_texture.png
file 2af89f6aa0aba4cdd9f596d73c9f8fb1ceca3aa15971505833da3184cb908e9b assets/Meshy_AI_Recurve_Bow_0903165428_texture_fbx/Meshy_AI_Recurve_Bow_0903165428_texture_metallic.png
file 4c11aa3e8cf866a53701313fc8d543db0d575b3ba21ab004d051d6c73f246bba assets/Meshy_AI_Recurve_Bow_0903165428_texture_fbx/Meshy_AI_Recurve_Bow_0903165428_texture_normal.png
file 47c54e81fa85d8f2471a2db022c14dddcea066c66acd0029116b5b5118738bbd assets/Meshy_AI_Recurve_Bow_0903165428_texture_fbx/Meshy_AI_Recurve_Bow_0903165428_texture_roughness.png
file 38fdf17f853eb8fe533cd7da8446cee39cacd832b3a7889a40a75d1f301545ab assets/Meshy_AI_Regal_Crimson_Flask_0822104611_texture.glb
file 6443970dd0c7e09e687ea07ae1999f0a18492a2d9761353b9c7fe1a60c9a0236 assets/Meshy_AI_Rustic_Spear_on_Stone_0904125147_texture_fbx/Meshy_AI_Rustic_Spear_on_Stone_0904125147_texture.fbx
file 3170c942dec6c164fb7918c7b49d5c717a0359cd22657982550cddfc28a0a593 assets/Meshy_AI_Rustic_Spear_on_Stone_0904125147_texture_fbx/Meshy_AI_Rustic_Spear_on_Stone_0904125147_texture.png
file f8e1e6fbcdde174673363e8b8f6cb42b4d0f151d203b2f3ec546b6b701f28ad3 assets/Meshy_AI_Rustic_Spear_on_Stone_0904125147_texture_fbx/Meshy_AI_Rustic_Spear_on_Stone_0904125147_texture_metallic.png
file b64da80789ced5bd290b796b0c359b98e05c9834821c74e8867ada0b00a52230 assets/Meshy_AI_Rustic_Spear_on_Stone_0904125147_texture_fbx/Meshy_AI_Rustic_Spear_on_Stone_0904125147_texture_normal.png
file a70d4b074292f83e5ebcc8f586abaa4bb6e921dfe2a96c87a623d16d6fdc96d2 assets/Meshy_AI_Rustic_Spear_on_Stone_0904125147_texture_fbx/Meshy_AI_Rustic_Spear_on_Stone_0904125147_texture_roughness.png
file 095ed2ec1f889a3e9bdeecafa72befe23483ecc3054c05067dea37412a938910 assets/Meshy_AI_Rustic_Spear_on_Stone_0904143929_texture_fbx/Meshy_AI_Rustic_Spear_on_Stone_0904143929_texture.fbx
file b10485d050b9b8da5dfba6f0402615124a4393519f9020dd7ec94f0191045dd8 assets/Meshy_AI_Rustic_Spear_on_Stone_0904143929_texture_fbx/Meshy_AI_Rustic_Spear_on_Stone_0904143929_texture.png
file 201bbd98db85b55e9012e7a1e5b39d7dadb3dc33291c982f170a1f4d8e66f29b assets/Meshy_AI_Rustic_Spear_on_Stone_0904143929_texture_fbx/Meshy_AI_Rustic_Spear_on_Stone_0904143929_texture_metallic.png
file 59591949a965df9786c677fb2f804edfab8e56e89c4029bf06ad42b0c76611b1 assets/Meshy_AI_Rustic_Spear_on_Stone_0904143929_texture_fbx/Meshy_AI_Rustic_Spear_on_Stone_0904143929_texture_normal.png
file 2512aa7036549a44d63e423bb8cb44d2af469c2cf22fcfbe7220139fad36f687 assets/Meshy_AI_Rustic_Spear_on_Stone_0904143929_texture_fbx/Meshy_AI_Rustic_Spear_on_Stone_0904143929_texture_roughness.png
file 867155e6aaf42abc64d6171022dc07e2e3a9f96660079006371ecf8934c79d6a assets/Meshy_AI_Rustic_Wooden_Bed_0830120934_texture.glb
file 724469b9113a06332eb90c558fb798516243ec2c22f36b71273205839d4bb09d assets/Meshy_AI_Sapphire_Crusader_Bra_0812120734_texture.glb
file 7b18fb5a6d8ff203f9b2ab8589ce928f1262a670d43e6129e6606439e05fe2fa assets/Meshy_AI_Silent_Oath_0817092607_texture_obj.zip
file c5327301ffbac69442295da998009d7589c5ec8e953e9b3c9515fafb74aa42db assets/Meshy_AI_Skeleton_Key_0829144810_texture.glb
file b019d69b558413234bba2d62cd07dc27c2461669b1366ac82a283fbd7fc781ce assets/Meshy_AI_Stone_Golem/Stone_Golem_dead.fbx
file aaeace938807aa7551258ed49e3ac85fb8d1d945adb3cdb70f8fb583dfa958ef assets/Meshy_AI_Stone_Golem/Stone_Golem_idle.fbx
file 03b42448c63f474b042e8d5770d7aa0ee3a42ff01901ce79bc2402275c23aca5 assets/Meshy_AI_Stone_Golem/Stone_Golem_running.fbx
file 3363fd3802d0a5a0267ae88574615245c0748d875b81c7e1acfe81ad024a228d assets/Meshy_AI_Stone_Golem/Stone_Golem_slap.fbx
file 26ed8c2a5345b2ab3a0200c0a9883ed796c651c44754b6ba18562e3e5a99b44a assets/Meshy_AI_Stone_Golem/Stone_Golem_walking.fbx
file 59305b1c526f992cd5f19b39595142868ab55c4fa2646db593c74c985c8b0b63 assets/Meshy_AI_Sunfire_Phoenix_Table_0819150715_texture_obj.zip
file f3419d03bdaf486751cd4afa9170dcae57c926c0832658982ccc55daa9b33529 assets/Meshy_AI_Sunlit_Ceramic_Plate_0902163541_texture.glb
file f29f27c0392c7e61a8a23cf223b74f1ba11b78146db70a105f6dd5eabdd10457 assets/Meshy_AI_Sunlit_Chicken_Rice_B_0902151512_texture.glb
file 8a247e13cd1354a70696747ab7821f5deecfe66f129677156e3c1b0b3e06b0f3 assets/Meshy_AI_The_Jolly_Buccaneer_0808104220_texture_obj.zip
file 6b9cef1188e8e222bd7b1e1c56acb0fd3862953c1433e2cd4cbb3f01e74225f8 assets/Meshy_AI__0906132418_texture.glb
file 50d800b5353ff08e3fd7092d34d40fb5b4fe804030bc49d1ca48d3bde1814a6f assets/Sit To Stand.fbx
file 29b9c37bc7d023d0ad981d0f0c219b449cc6806759f1cbc953a3d6bf75b6eed6 assets/Sitting Idle.fbx
file e3fe1b059bb14915bd4aea018387dc52cb9dbf57baeb0e2bd19a3b1287a39349 assets/Sitting Talking.fbx
file 17b273fdb6f0e90d9ccf3a22f1c30d8103b11ebcd2ea9cd60886b1047446947d assets/Stand To Sit.fbx
file 6df55d17381103a4758259e33a608fe1eded4d9a3f54e276c06acf9b7094db30 assets/Standing React Small From Front 02.fbx
file 64e87d57fe2d566d07be1c77aa4c64222af9026146e1b3d5b6349696f0df1f6c assets/Standing React Small From Left.fbx
file fd95e2b59fd8dafb702c268576fc13a8fe0d021e55b3f03fdda4307baa3fceeb assets/Sword And Shield Idle.fbx
file 3368bd7c56657d544ff4c63cd41823a668848fc600bc506a16c556337ed96ba1 assets/Sword And Shield Impact (1).fbx
file 4edd4b492fbb31955b8fcbaa0a5e7e65194e0406f1ab4f459e4aad1f91d63dd3 assets/Sword And Shield Impact (2).fbx
file 45428210c17fef047a7c8de9499170090668f579362ca10eb4b1e5be91398b62 assets/Sword And Shield Impact.fbx
file c46ef5c89572819bf6645e77f634f4772ce132cc9d595e8a05509e7e9d20a4dc assets/Taunt.fbx
file 3ffc7aef3a173966dd295b6972846537bf71ff2d7a2ddbe834881bb0fa456605 assets/Weight Shift (1).fbx
file 3ceb69f0251afa4d7a0a3421c11152e1f46c801c8c85eed056326f516cd71673 assets/Yawn.fbx
file 4e144fbc50652149528b627d2f6ccaf27f08bddd08b35d88d480ffc4bca63b8e assets/Zombie Attack (1).fbx
file 62ccc318e401ff9e01beb7af26e44c0ffb62544d79d0efef63a0f5884b861bdc assets/Zombie Attack.fbx
file 2fdc40e9a7b0386e3292046dbd6adfbf3ef5e2c10b9146cc5f8ca12a8f1abf72 assets/all_animation.blend
file 7b0aa9534251d5532c095fb38248dc7a7dbdbc743df94049c388d49c13e98886 assets/bow_shoot.fbx
file bcceabbb07998406f86b5838924a29a036e6a2ba0317be88ed9b4196e8850c62 assets/bugbear.blend
file 572ba72f91e5409696055ab5ac3401f9185a1a8ac6b7242cc19af50e15cfe23a assets/bugbear.fbx
file 9f69bf7e3e88856c9e2a9f224ade18acb2f78edd2e26b41b665f0321d1e9f962 assets/cyclop.glb
file 3797e51c17cc18678fcea400df698fe495a179886f6873e30e6375675e412163 assets/estate_architect/estate_architect.blend
file 37448f608bdea7e0b78c0dfff9fef834bd21f79f0e7805a1c9038d6b1a01b920 assets/estate_architect/preview.png
file aac2672f36bc401a6fa8495d85c6c2bb193c01b3094a104b97c23cc73b4c978c assets/gnoll.blend
file bcb294adc5ef84eb4f4ecedc87416e9b60f9e4eac68283360e37d119b0380186 assets/hobgoblin.blend
file df8d425630611126d6e9b594639d1c1802d30a07ad15b976d92e9615abe35299 assets/horse.zip
file 4292b30c62f8b296f6eae89119e20454988477b3f20104d18010257738040f2c assets/horse/browser-female-riding-preview.png
file 3c345fa0f0eddab828fb29084faaedf2ebf1b0448c4371045dcb5812386441b8 assets/horse/browser-riding-preview.png
file 16415d72b4d4cc1d1b5aff90d944e2c3ceb8b285327492cf2bdae14954e61f25 assets/horse/browser-running-preview.png
file d98952c3c028b83e4b5a9a9317dfd31da4ca2b16d753246c96d3eda9f55e16ee assets/horse/horse.blend
file 41d2ad2de8e5778bdd222726672b16c73188eb1f2e152450c297dbb9f68b371e assets/horse/rider.blend
file a6bf3421779ba2542a133cdec293e20cb610f0ff268ce1dab7cf6aea5e62327c assets/horse/riding-preview.blend
file 065ca04b8a3c670e554e5b8c308ec09e116082f9c6d70c74b34c638eb50c0f1b assets/horse/riding-preview.png
file f738f3c39d3e8832720a4c8665091e26c9e5a77a50309cde453978051675ca5d assets/horse/source/full.fbx
file 4240650274da34bd9acb1131eb48370021b77b8170ffe15daae2f09c725af8b7 assets/horse/textures/Horse_PCB.png
file 3e27ff4ebcc9e128064b61062cb7c2a311e7addc0874bfb97260099c1731bf5e assets/horse/textures/difuse.png
file 5c8fc4edd84ddd2559a7a36b3d5024f7097bac5bce30cc629e26781096e9108c assets/horse/textures/normal.png
file eeaf0dd94698d4108b8dd739dc0ea1af0b728845499bfb3cac0f7aabaa254f50 assets/horse/verification.json
file 812a1c343da9bd1c944283923fafb447ae7a48727e124e8d49eca820dcee2b06 assets/horse_reins/horse_reins.blend
file d45c5df0e1bab65fca64a1aed253e6bdcac8f946608d1e422fbe0817af16052c assets/land_deed/Meshy_AI_Blackridge_Estate_Dee_0905071232_texture.glb
file ca3598a3102f37502d091fc6264da7004ad7c49675f0fcc76c3b0c2500bd0324 assets/land_deed/land_deed-render.png
file d4ea3e310724537c3d4957071362e1e4cc3aee428312e0591a3eaf259069cb26 assets/land_deed/land_deed.blend
file 59f13c025d614c6edaa7b4c0d3b90f0603a8b93692c4d4c7cab19a51e4fa8138 assets/landscaping_samples/landscaping_palette_gravel.blend
file 72a9f2b9ccc146244a180a4f229f6e7c9b9dc934ef262ac825a77ae2da0ff030 assets/landscaping_samples/landscaping_palette_gravel.png
file 4a7e34a483f90024288a3aebeace39c009900b40db2eeb0ec1ec71f9a8143325 assets/landscaping_samples/landscaping_palette_paving.blend
file 9660146307cab226e3314ebf2fedef5fafbe8f41284421ba411b0dea2069b774 assets/landscaping_samples/landscaping_palette_paving.png
file f99acdbf0496fc53456f933e794cccba18bd0b8c885a9b6d9787a4dc6f6386fd assets/landscaping_samples/landscaping_palette_pebbles.blend
file cc304d670e805e03c8a46804422657b7104cd2fc3d279fe1c20e6eca56877654 assets/landscaping_samples/landscaping_palette_pebbles.png
file 4e874e18898293dd1a6c138e3297f4b242f6a7e8c8a774d336e2cb8203a1a802 assets/landscaping_samples/landscaping_palette_red_soil.blend
file 4f57bdf04721af9d0b4054c289a3c8c1aa9a120efc768ca29ae5f97c46b2118c assets/landscaping_samples/landscaping_palette_red_soil.png
file f069c68da81a49b3180a47a49ae1382dcf48b19b6b4934b4879c3973b4b10cfe assets/landscaping_samples/landscaping_palette_sand.blend
file 17dae636d78ea3aeccefee82790cbebbb3df69f772791f9b55ed195f6f19af3a assets/landscaping_samples/landscaping_palette_sand.png
file 1c660ae81e9f63f814156fbd318b65bf6ff699cba9ba27d87abf0394fb0559a5 assets/landscaping_samples/landscaping_palette_stone_path.blend
file a8bcd44f49cc81eb34fdb0ef33084ac6627b37c814b1b95c5a25d81906c3614d assets/landscaping_samples/landscaping_palette_stone_path.png
file 01947aaff05c06c207462758a5774e27935968ca0aae5f2738d364a855e1fbe7 assets/landscaping_toolbox/Meshy_AI__0906115517_texture.glb
file 85ff139d03911bb87917dd881bf549dd58d3cfd6c8013b43eec53cf1bbc50312 assets/landscaping_toolbox/landscaping_toolbox-render.png
file 7d820ddb640833b110601b5dc0146f8809fcf6312192e05c790bc786e64b7c39 assets/landscaping_toolbox/landscaping_toolbox.blend
file b3573f4aea716b2b9856ce1d97cc48f82ae49ef7ce6e5795a611212e366a88de assets/lizardfolk.glb
file 22a6c00e8e0793e4a160fcf4474babe22416c9383fd155763cf83fe033b89576 assets/maid_mixamo.fbx
file e4323603d02bad444f8ed0fadd59424b7fa5aa113d8ac5f078c3d947dd79c10e assets/ogre.blend
file 52ab374959aac6ba3ef3f5e80904086e522f578dc741c69c4ed7fb07b9c09a33 assets/ogre.fbx
file 1bdf30ad78a7624e2420c06dfc46558f314d948b5625aaaca31543aac08cbba2 assets/rusty_metal_grid_1k.gltf.zip
file 07b928816aba93f54823c7958c773a38911d36706dd1a3644f3e87ff16f5f4ad assets/skeleton_warrior/fbx/Attack.fbx
file fc9f082bd05d0d6475877df1603bdc8ef373d56efed49b0b3fb234173879baf6 assets/skeleton_warrior/fbx/Death.fbx
file aceea112d78daa86378969f018f58792812cbf7f1c0b8ed938881f0721887f81 assets/skeleton_warrior/fbx/Idle.fbx
file 65ecadee9ae513ab892540c08b2095b76c875e24f0f9a69d4b9da496f0bdebba assets/skeleton_warrior/fbx/Run.fbx
file fd7ead518f1cf21975c1a9dbaaa3e26267599d3dc9d117cf24ff72ea70b406b1 assets/skeleton_warrior/fbx/Walk.fbx
file 41484d93388067b0da61b7f4ec921ea1fb4f8d5433e596bb4d7581713efe0fc1 assets/skeleton_warrior/sfx/metal-hit.mp3
file 0fdef4d6e16a13c2455075cd92bf8a22a04718a0676f3a8fe01fdc8754620c40 assets/skeleton_warrior/skeleton_warrior.blend
file a968b704f7d3f7ad744c6e54d161ad0cd4262152692dfd4368204907aef99101 assets/skeleton_warrior/source.glb
file 30c4955992d8609da10177ec72d7b13cbf0521bbe1dc9db51408bbefcfc46e09 assets/steward/Meshy_AI_The_Master_Keykeeper_0905051902_texture.glb
file 6c9086a041b25164d5a53581c362e54f4b0f84265607c520f108c8b300af87df assets/steward/Meshy_AI_The_Master_Keykeeper_0905051916_texture_obj.zip
file 3cfac255e65b8f5f327d45439aae796f8b130e9a6d60c1c80d23232aa652a4d9 assets/steward/Sitting Laughing.fbx
file 4a27dbb1701bf977c37fb12e8ab15951d2ff05f1d136f6786a48f58220bf725e assets/steward/steward.blend
file 391826f6b7a4f8f01ffe7353e534f1ef1f096ee30268a913eb487b4e566534db assets/stone_golem.fbx
file 0e5b81171a9e7393df5d055104a238ce426061b8044c276d834fc200c97d5b91 assets/textures-src/cliff_side_1k.glb
file 54f2124f6020c7baa7758b2dbf2a503b21f1fddb524e2495e041c4fcd367921f assets/textures-src/cobblestone_color_1k.glb
file d33c16a7997e0a77888f04673737336cfcee8ed844e1edec15e30779576dbce7 assets/textures-src/dungeon/damaged_plaster_1k.glb
file df9484f311adf536f73f3947935b6c72b241e109b9db314003bfb1f01c04c937 assets/textures-src/dungeon/old_stone_wall_1k.glb
file 563c0092e6b646a3e9f51d487fdec97ef26f45a89c39fb72745f8b477dfa46d4 assets/textures-src/dungeon/plaster_stone_wall_02_1k.glb
file 0b143e27c44aff816f1f14d30bafdd78343dbba7735d9467e02ae8961ae6b337 assets/textures-src/dungeon/rabdentse_ruins_wall_1k.glb
file 918c27135e518515b220940b255d213fb072ef6ea59f46a1536d74af56ca6c26 assets/textures-src/dungeon/rock_wall_05_1k.glb
file 04713d5d05d555e8b9c6dce397f68a4d898a7bea2253afcf7819708f4738ef9b assets/textures-src/dungeon/rock_wall_08_1k.glb
file a8c2f3b82be05ebf7a53d7131a18b212fe8fca3c142f179b5a0e40cf8dd883ab assets/textures-src/dungeon/rock_wall_10_1k.glb
file 023b9aa5005ea3ae7366878ccbc0e84313a48bb8845d117dcf6b5eb2416cddd7 assets/textures-src/dungeon/rock_wall_13_1k.glb
file eb9518e9a49c7b064f844b65452081df2e713d492aaa96b4232098ddcf0b419a assets/textures-src/dungeon/rustic_stone_wall_1k.glb
file 4eb22d2c1cc76f945d3ee1a278df3d1b9bd3b394acec4f739626098290e1055e assets/textures-src/dungeon/rusty_metal_grid_1k.glb
file 358aaf9e05977dd097ac9ad96286944d6b5b6bba231abe8c8384c5ff39b66477 assets/textures-src/dungeon/wooden_garage_door_1k.glb
file 8820ec98a8dd9a094e1349149f5ed3c20c673b75c39b7ce6cecf34dc11d20475 assets/textures-src/fine_sand_material.glb
file b784cd0a455674dd14ff6950f183f3691ed818acf939c1bb8bf545337b74585b assets/textures-src/ganges_river_pebbles_1k.glb
file 92b62568a6bbbf9212425e34d51a784c7df0296163818c258c132cbd7d24d2f5 assets/textures-src/gravel_floor_1k.glb
file 57ad5c4c26be30d022ba32f6a90f9fc64075fc418a531f2d44f181349292d15c assets/textures-src/gravel_road_1k.glb
file 72d6f3c9017489d9a3e8f3308e4bdaea0f367fa4042002746c5b905cf750e1ca assets/textures-src/gray_rocks_1k.glb
file 8e88477a0e69e509df16594e057e955d7c68c194435878e640dd0faa15533423 assets/textures-src/housing/beige_wall_001_1k.glb
file e3d226375f5486b290a1071c30ac3ba6ff2fffffc37604daff9fa186c66b47e1 assets/textures-src/housing/clay_roof_tiles_02_1k.glb
file b02b082e9e1ebfe3f64e8d2a2ac914896e94962d82212cfd576bde525f4d9b8c assets/textures-src/housing/clay_roof_tiles_03_1k.glb
file 88c52c4d7a3e94733758a648228dd5f04cd88154a8d7e7f66f746ff949d2b857 assets/textures-src/housing/dark_wooden_planks_1k.glb
file 52154ad871d80fd8f83eab2f3a1f7fd14c87c7ac39aa1629283548ae9e668bcd assets/textures-src/housing/grey_roof_tiles_02_1k.glb
file 0ad2cac4f5d085c6ae2072bc7dd421717bc301600168ad3516fb31c4de4b5f25 assets/textures-src/housing/grey_stone_path_1k.glb
file f5fc5b2776f1f06419fc79882ab1c977ad1d8f0ca5c116fe33660d6605634d18 assets/textures-src/housing/marble_01_1k.glb
file 71021320a82f7d29920a7dc7ca47d09f63034043ccfc41a80a4fa532db566503 assets/textures-src/housing/medieval_blocks_03_1k.glb
file 59a1f6fe660340987c57e1d96b806dfbaf5208004da021d5f6fff4eab2f31528 assets/textures-src/housing/planks_brown_10_1k.glb
file de3b2107eec71b3ddb0c5d7c972b8084ed0d6d53bf9f51cea2326d4f10fbf49f assets/textures-src/housing/plaster_wood_wall_1k.glb
file bd084caa5bdd926b449ab51b727208433c74208cf9e5add2a783a0e71c2485ef assets/textures-src/housing/red_brick_1k.glb
file 6690f04aaefdba39990944b776a720487791ab074c90b19d89f7ce63288928bc assets/textures-src/housing/reed_roof_03_1k.glb
file d0bd8faaded853f5cc3552c92f9fbcb20b28005f4c68073ed081812bb7180441 assets/textures-src/housing/rough_linen_1k.glb
file 95f6b79bdb80caaec61585caac17b70b720d93996f50695fb858df70963f3172 assets/textures-src/housing/sandstone_blocks_04_1k.glb
file a2b3fbb65de8e56b225b821855acd9bcf734e673530b6429773b4b80d8422af0 assets/textures-src/housing/shutter_panel_1k.glb
file 4ecf49c342d9388b68ab5b2e371afcf5f770d6c2be68e94938ec99f2e91d029c assets/textures-src/housing/weathered_planks_1k.glb
file e38b41a8a1de4d5e4bae188db6addf1808e92a7d3105014f74a5038b90a84b13 assets/textures-src/housing/wood_plank_wall_1k.glb
file e2c41a374a478e66265f198fddcf66d1ce4e7c6363e3c57585b91a7e4419f994 assets/textures-src/housing/wood_planks_1k.glb
file 56187428e3782c3228ed498a2073238c037ae14761292bd635a5fd4d53776759 assets/textures-src/housing/wood_shutter_1k.glb
file 1cfd6044fcc5b4cb3373b511af8bf1868714d6f990d2a3beec344fe67fb83563 assets/textures-src/housing/wood_trunk_wall_1k.glb
file 0b202f983845ffd7858d3db45392dfac553336afd30ea7eb627e1801b92dc7f1 assets/textures-src/housing/worn_mossy_plasterwall_1k.glb
file e1c9e02b8a4a33d6b9874454ee1af6fdbff0614dd888f5fdc7014465b334995e assets/textures-src/japanese_stone_wall_1k.glb
file 1c17d0c8a9679142312891c0541187facf0d6f69a1f1acd2d383407c7249c2fe assets/textures-src/marble_cliff_01_1k.glb
file 27aedb5bb4b1079420656c9065bf5b8ccf28dacb069fbf3e5f5dc5b98ae4605a assets/textures-src/patterned_paving_02_1k.glb
file bdaba6374594f34a91d490db556869f6001f6363e97169cd4be9bb9b3e5ef9d4 assets/textures-src/pavement_02_1k.glb
file b9bc8985078722e06792098f47aa397028fb04fc7d94991f0eaddaa4f906544b assets/textures-src/red_laterite_soil_stones_1k.glb
file b12e404bc9e88c6d45318d7ea57a8083df4dcc20d35a8804be86c5089fca9e8f assets/textures-src/rock_embedded_concrete_1k.glb
file 1e264255d87bb858a8265e309a0237bad24855492ef1c96f8c9fea50bd92384e assets/textures-src/rocky_terrain_02_1k.glb
file 3ca1c5c0fd162139efabf84b87e883a44f430693f3ea6fb79768d546a11c27e7 assets/textures-src/rocky_trail_1k.glb
file d5a5eff9eeb2034a1e45cfe1c5e3fe95f1e50643985dddb18782aa85871327d2 assets/textures-src/sandy_gravel_02_1k.glb
file 0d34e8f2e3bc3ba16e03fdfcbc175280042aaec9c963c2b87647a082ddbc99f5 assets/textures-src/snow_02_1k.glb
file ad20c0fe6f49fcf5e9cb41068dbc5654cfc36e103ca380236ba6a9eb1eb74051 assets/textures-src/stone_pathway_1k.glb
file f90d5b82fa4bb7c2a04d7b345a18732851d8f28d1b8ef5cc7908c5c366bdaf82 assets/textures-src/white-cloud.jpg
file fc9fb110f1b487206c67ed92e78d3c51a35072b95f02e77788b44b7b5447b067 assets/troll.blend
file 8825f4dc3dd544718d18f4615737258bc07ded73b790736fbbb99604fc2c7132 assets/troll.fbx
file 3050c3abcb63928e707484c28287c39d4a51d9bce0d77ad339657ee4e3cce2a5 assets/wooden_fence/Meshy_AI_Rustic_Wooden_Fence_F_0905115448_texture.glb
file c56bb3361022f1561b0b3bd088dcf59d6368b0fe7f2da000272f171e61b04913 assets/wooden_fence/wooden_fence-render.png
file 71662cc6986933f0fb9fcff597f35b6cbba88e029c3794265d892096a3a6c19f assets/wooden_fence/wooden_fence.blend
file ff60f3d346224b1fa10c2bd203f40962470a1f307e8711f26622691b03f1bfa5 client/public/bgm/Beyond the Horizon.mp3
file ea9c9c8df8363afc9b8dda4fc387e4d089781a51932fe6a2fb69923af27a78bb client/public/bgm/Blood and Bronze (1).mp3
file a87bec0ddcefc6970d4e9fcb737096a43a05128f6633e3f057c6b2df26f29fab client/public/bgm/Blood and Bronze.mp3
file 9c2f645877b1db3c0f7ea6e9e67ed11aa6d75471346131a8a23e7a1f59b8cf41 client/public/bgm/Castle Glass & Copper Skies.mp3
file 16e670ed675e530bb285095e534febfcc2eb7c01e6a3def9f1aed3ad0a56a64a client/public/bgm/Clash of the Iron Realm.m4a
file 3a20bd7ee800c33078fc03719a5585285c9be23c67dd1d4a9e4750f6e32dc55e client/public/bgm/Creekside Air.mp3
file 9b5b7b4eb60263f8e7401c9664495adabfc48c0ae3aeb75d1e4390b400242822 client/public/bgm/Crescendo of Remembering.mp3
file e2fc05452c2358b916b92c85d031f1a332ade9863f2fc85c7956a0005114573e client/public/bgm/Crown of the Dawning Sky.mp3
file c0bda28945ef64e0e44e09ecf4ce41ecd777a50a6e316c17181050a2a8d39209 client/public/bgm/Dawn Over the Kingdom.mp3
file 5497dd9a4804b83cd4cad6369a583c64d6cf523e8a489794cd61bc75d9febd20 client/public/bgm/Dawn Watch at the Gate.mp3
file ffa0a55f75d1bce1aaf25db42d1267fd01e7512c08df00c76cdcd2fa21bff309 client/public/bgm/Dies of the Dragon King.mp3
file a797a4088bb34b6e910713fcb653fbdacf0140bcdd76ca7da4dab052313e48d6 client/public/bgm/Drums of Valor.mp3
file e010dcf36533028c32c3ee4fe25b945c596d8d61668278e3598b1bf2ea4b3475 client/public/bgm/Echoes of a Distant Summer.mp3
file 6a20d9dd06c6c7a77a908450e8b85f56779473eaf173c4a4ad6c51d65ae065fe client/public/bgm/Echoes of the Horizon.m4a
file 7c6a3e04f0789345e635954839776c1c2d5540a7c63ff8fd313045e22ec7e490 client/public/bgm/Echoes of the Old Realm.m4a
file cc24b67035f32ae30953dc3053a07af2ea91ee7aac511dd2c68640bd71c32c20 client/public/bgm/Festival in the Lantern Square.mp3
file d1f3b57c69f3cc7242c3db8377aa1606ed82d3df77b3218d266265077eb36517 client/public/bgm/First Light Waltz.m4a
file 8940d02e3147302b31eac68b20a5ec86253edad9ec0466164d3c246fc1ae873f client/public/bgm/Grief in the Green Vale.mp3
file a6ef63720c647d6571a84f91f6b2edb0393011f39cc1d080c5c59902e85f1407 client/public/bgm/Hearthside Respite (1).mp3
file 33d25a6f4bf9da7582f552be4fccfc8c3c7753c51df212359cd2f35c10723661 client/public/bgm/Hearthside Respite.mp3
file eb2b40556d1a79cef19fc4f330f848e4c2239cc5e0af1a23ed6fca698985926f client/public/bgm/Lonely Banner on the Wind.mp3
file 57fa2c906f9020715868a6d4600b68bcebc96269ff19f011905d38a3fe06425b client/public/bgm/Lonely Roads of Eldoria.mp3
file abb95540c6d53d553d75bbd2223de7ef3860d4dfbab7ac5c90a73af7e14b94cd client/public/bgm/Lonely Steppe of Ages (1).mp3
file e8a613ca0d2e4fea60e03b592c55eeb3255dad570cb9c5e0d5481d59057fa9b8 client/public/bgm/Lonely Steppe of Ages.mp3
file 280085f7361a5d62285b59de3570853feb3fd9140629969fa418ea35b9c6f085 client/public/bgm/Path of the Eternal Quest.m4a
file c81c766425eb0b4857b413264fe152843fcbfea1c7d3d7ee9c6382e8d9942f4f client/public/bgm/Quiet Longing.mp3
file d420d418f855f2b2da4c1bec50887652c5337ffefd6f0563605804d307ee8903 client/public/bgm/Radiant Vanguard Overdrive.m4a
file 8042065ff10e5346cc96a1b6b059fee489c93cf9d16edfc0c93e1459351728b1 client/public/bgm/Ruins Beneath the Black Moon.mp3
file 6c4bbca075cb701966b5c1c71a8ff32a9c44bbaa393fa2a906a000f312c5d552 client/public/bgm/Shadow Over the Village.mp3
file 567a13adce871b902be0c826ce503bf38d65e1d3336b0b918ba363757bdef110 client/public/bgm/Shadowed Keep in G Minor.mp3
file 766027f20f847fa08ca1dd1aa21eb004b52136a25db72b9667690e889af09a92 client/public/bgm/Shadows of the Citadel.m4a
file 52944ed04d64a788ebf8ea81c548fb56a05d2fc60f17ceede0e57439b682564b client/public/bgm/Sky of Burning Wings (1).mp3
file 4ca5fb7002381890e1097e053297f806c53eb0eb5371c9b46f07a4ecadb722ff client/public/bgm/Sky of Burning Wings.mp3
file 2963cb681899f177a765e27bdae29e4a8d2b1a3f280c17b2bc433e8bed8d1f2f client/public/bgm/Sunlit Shopfront Waltz.mp3
file fb9711a1efcb17f2febd97bfaedd0b259e2b7d1f00fa5d3f13c37700fd6ccaf1 client/public/bgm/The Abyssal March.m4a
file 24a4965f2c3c66dbb23a1144d423138b332183c618ead500c39a699769afe1ac client/public/bgm/The Gallant Expedition.m4a
file 162eec756de93a4209cce19f820e8f73e71c48e9df7a739954cda840b3bededc client/public/bgm/The Gilded Tankard Jig.m4a
file 6b440ae85b39c1d4f7567725d8aba800b07ea1849a662917031f6fc14c85d2f5 client/public/bgm/The Great Gate of Kyiv.mp3
file 0204fd03ac9f4eae1f64200f808a5f45f440657c61c403bceb6b6e841813ce00 client/public/bgm/The Hearth's Welcome.m4a
file 2d26008c6e1e900a9a680a71716ed4401703de3ebd2dfea89790f4332456332d client/public/bgm/The Silent Frontier.m4a
file e46850b67e621de75c78c695ad78e668d0ea48e3462bdac631cfbf76b8f658ae client/public/bgm/Triumph of the Vanguard.m4a
file d0132720718eb7d32c98d75082e503a3885a9e7242dc9f34e56612f78d970606 client/public/bgm/Triumphal Procession (1).mp3
file 0e7fd27ff852385add5b167766cec26cd2337a6db4f37a13f6a5e428eeb98ce5 client/public/bgm/Triumphal Procession 2.mp3
file e8a85a1552916d1e164ec200a74bbaeceef8e4ee46b390409bdd764927f15821 client/public/bgm/Triumphal Procession.mp3
file d5177036db5b39e928aead4928827b047700b92068e6e18fc46d7eae759eb333 client/public/bgm/Twilight Fields.mp3
file 3a12e4d000b3a35ad32f0b9437b1e65ad1eba1a19257ed6f0e29005c6c8f16c5 client/public/bgm/Visions of the Realm (Epic Orchestral Version).m4a
file 44d2ed3a563ae4e3e1d7ec9bf9e13702b798e9cb7fc8dfb1d40426b3489a89c1 client/public/bgm/Visions of the Realm.m4a
file 622af87ebfd7e372b9e0b3ca3127ab0480e93c235ecd1c52a6a3c052b61826f5 client/public/bgm/Wanderer of the Old Fields (1).mp3
file fc506da489dc07b87384ac7a0d49642874deea5890500d700868a51c4fc8ea49 client/public/bgm/Wanderer's Solitude.m4a
file be8be33714a5c5362a8ccd712808f9b73d37a4f18b406be604c9aa38070b5ae2 client/public/bgm/Winds of the Open Plain.mp3
file dfc4d6dd6f8cb13d9fd2e137da30e0235179fc5a700f25a227efba9e015b5175 client/public/models/accessory/cross_shield_ring.glb
file f4186e712f1ca8327c0281e8d85047d851db4af1e2362a79c3b363901ae00335 client/public/models/accessory/gold_ring.glb
file decd3791161843ed0bd975aee332dcfa1ecdc3fe4aba2323808d8f82eae0f5a0 client/public/models/accessory/ornate_cross_belt.glb
file e34371238718ee2c924dac1e9586a1aee133a12d4eae23c7a7b1317d9b291e05 client/public/models/accessory/silver_necklace.glb
file b29f34de8cf7523d176a634ceac7ab4791084994493adbfac5f59dda686a057b client/public/models/animations/combat_melee.glb
file 7aeb8c233c2f246a651cf7c3c96a557edc1584ab2a35ce283d51cc746ce36518 client/public/models/animations/combat_ranged.glb
file 04dcb3fa6b0ea6f2fac21a29e630665c4e01c05820848b98f660c3a9dbd1dd3e client/public/models/animations/fishing.glb
file cfa79f5b5f82f3b26d0d0bc86e4293a919fbc28829a2c6192f19a4a488271da8 client/public/models/animations/locomotion.glb
file b9dfabc7e57505515da545622ac7b781541d550d035c3351bfb1c532fc2df125 client/public/models/animations/offhand.glb
file e0d76b9900e0f9bf76425c4165ebba8fd9e350895f9d99779a085af6dc51c9f8 client/public/models/animations/riding.glb
file 97f75c7d2eaff69844a1e0eb6c56c07ba2e7338db782d015aefb6a99e8ff5706 client/public/models/animations/social.glb
file b966c25b54ec66dd2185755d9c1d8e9480c92a88f97d54f3f98f2b1110741de2 client/public/models/armor/chain_mail.glb
file e5240ade3359f2963a822b2b5ff5ba0becd31d6a0bd12000de056a740b9ef6ba client/public/models/armor/iron_boots.glb
file 1354830c7de25be20b5eaae704fee9a30cd03a7371a78b6eccf93fdb5078ba0e client/public/models/armor/iron_gauntlets.glb
file f3664f2df427b58ace7662cd40c4cd6eca7c3a36f4a4b5e611d1f958a4674ffb client/public/models/armor/iron_helmet.glb
file df978e4a77f3533f56ee6fb17f4138b8e09c4bac7c941bd4027eb71e253bf1a5 client/public/models/armor/iron_leggings.glb
file d355162bafd2474f22c3c9957c1c1aecf05b23e92dcbc47322846eacb1bc1a74 client/public/models/armor/leather_armor.glb
file 10dc3e99ec87b87eb7b23e7cc45d6bef98809e07c907525e7637cb34166f2683 client/public/models/armor/leather_boots.glb
file 6a776a243d5bd76f9ddebc403cedc1fb0af37d9dddaac63c71a353bfe375136e client/public/models/armor/leather_gloves.glb
file 2ef1dc1ddc0462180586c209972126a52a936140432f3f77a34d51fd84fb66f5 client/public/models/armor/leather_helmet.glb
file 00755ff4c18aca109c52f39c25ba8b1a59c685b357a28eef81a4af29a9dcd1a0 client/public/models/armor/leather_pants.glb
file 163eba47d92f0f50cb79cce9d21ea1ff8390f9a66cda8a60cd7ae501b95bc6c3 client/public/models/armor/plate_armor.glb
file ecf182cb2a53cbc4bc48b4de893b0d99a9dd965df555eb574f5078ecba014e0a client/public/models/armor/plate_gauntlets.glb
file ba237d678217c38ca0946ed34f68f379d867e10d1226c324cf866b18eeea4ae2 client/public/models/armor/plate_greaves.glb
file 01c1c65159344fa0f3e294f78676943c7aa5098cef927bdef1714a0592be94ca client/public/models/armor/plate_helmet.glb
file e360d41688b43060e1d7094c54ab21d5d4a89cd89135ba1c4fd963b184923368 client/public/models/armor/shield_raven.glb
file 8e756aeda2bd24ad5f0ec5ea2be4a437582be7067c6affe92bb6078a8bd8f49f client/public/models/armor/shield_wooden.glb
file e830c93156addab62876af38bf3039dba8026f8cc53177559f0ff299c3424e95 client/public/models/armor/wool_cape.glb
file 5550850380ecedb7410436cf59441b000f4f11af8d7877cbfb8fe754865cc627 client/public/models/characters/barbarian.glb
file a7fdc51a50b8b566b1acb716168cb1f446e2144bde873d8d7ec88d0f7a7586d7 client/public/models/characters/caveman.glb
file f1aa9887b509eff506cce859e0b2e1d23b4a4e4e1d76cfeeb107dbb2811e4595 client/public/models/characters/cavewoman.glb
file 2c26c623a8105c2e5d10a12721a9a20e7b7768e4d988e8ce38a36ae36a5e99c7 client/public/models/characters/estate_architect.glb
file 7994db2a206472cb289f4e962278762c0832aeeac6624a8f3e22f3742b69ac48 client/public/models/characters/female_barbarian.glb
file c2e9f602ba9f1360358c3be09c21ef7f48f9f2e1fbe591e8c674ac491db2db97 client/public/models/characters/female_bard.glb
file 5a41d2d29b15cee9d362c3babb088a7c890536cee66d40aeea47420996b78474 client/public/models/characters/female_knight.glb
file 70e8a23f4eb5f45fc8605bbda7c9f96688c40fe478a8edd0fe3801e6f5a9ba91 client/public/models/characters/female_priest.glb
file 32d46318fc7e09e118b92a8666420332d8a422bad0087de1feb56e788bdf493e client/public/models/characters/female_rogue.glb
file e494d0d3a8706d916cb77465d6d62e512210dc36395224e3328886d3adc92936 client/public/models/characters/guard.glb
file af6ba32805ab2a54854c63e2be086b16451f4c80b07a532c9ccc982a85cd96b3 client/public/models/characters/knight.glb
file 216adc611db38348958611f4f385cff67bf661c98793f79684262fb70adbc6e2 client/public/models/characters/maid.glb
file 27ffdb6bd0c7defce73812682b70fce861637a726381f0680c58c3b2d3926170 client/public/models/characters/night_merchant.glb
file ba48524e32f9929ffde93c276f3cc1204fcda54522209d042c9fccffc8a83579 client/public/models/characters/npc_woman.glb
file 84fbe837b00e1de9499d2e688b137029ef74ca61f1a766491f0c92aa55589ed8 client/public/models/characters/pink_maid.glb
file 9364f6fa3ee72c505712453bd1f50a52404b3def8cbbff91e91d8c6aa30494bc client/public/models/characters/priest.glb
file 4f972850fdadba38fa5a4ce495cb4f8c5760396a607c5fabc10743fb054e1034 client/public/models/characters/ranger.glb
file b56a42df1eddb6dc8baf44da98669b209446b6ec17e49b860f1156cd99ea81a5 client/public/models/characters/rogue.glb
file c6b0c5adf7490559a8808a469020197fcacbf15d25607d04dc5c5cc36f00579c client/public/models/characters/steward.glb
file 9c6f1bb90c7bb8315d76f63d02fd1615c4ebb45e33ecaa7d6c90148eaf804653 client/public/models/characters/valkyrie.glb
file 97676a02ce7dd8316525f46a2698b78812d706378ba09fe023d1f3c737cde7cf client/public/models/monsters/bugbear.glb
file 5ae5ffe73674713a121c64c880eb1280747941cf0469617038ac7552b9d7d8e0 client/public/models/monsters/cyclop.glb
file 63f042ae8b240745122f18d175b95b4012418ec3e1c38fff64edd0715bfcf07d client/public/models/monsters/gnoll.glb
file 95f52a83e0ebc0d52c375c97d8d4d10bff921b3bdb28361b23305cafc226da90 client/public/models/monsters/goblin.glb
file e8343ea3763561eb76053a6e59bcf290b4f5648a3951f84131816957c7a0844a client/public/models/monsters/hobgoblin.glb
file 94a27a4316167d356e9108a4738555af7de8c46a2df8d1976bfefed64fd2b770 client/public/models/monsters/kobold.glb
file 6e05dcba4412881e94eebe0b9ab7311ffb93bc37e7dcdbdc7ccb3bc6da93d44b client/public/models/monsters/lizardfolk.glb
file ebfd2472e9e060b301c656b7d905523ba116a927af48748cd9e735c7ec4a5e66 client/public/models/monsters/ogre.glb
file d5121f3929df1ad9e6136825297a1187ceb178d83459752603ab18b517219d1c client/public/models/monsters/orc.glb
file 8de968f396a21196abc7d9d1005d27232368c12cc1c40f74e508e5a9689f721a client/public/models/monsters/orc_female.glb
file 0082435d28e9da83c31d5c42dbe6757fd729ba213953f084d8e4c579a029a64d client/public/models/monsters/scp939.glb
file 861ed848c4ad5b45e6a682569c978169454017143a76d9a00d0866fb51f2a769 client/public/models/monsters/skeleton_warrior.glb
file 4eed0d135afabc00faedd4c237b7f12d7d9dfdaab56e980d2c6257c16b9690a1 client/public/models/monsters/stone_golem.glb
file c7dfd9da7b4c42769e65e9778c488599c63e3784bd68be4515dd13685c194bf4 client/public/models/monsters/troll.glb
file f61221da67ce7c298361c1e2cb3a5b501f4b91fdb19ea6b1db8c12b401675a5b client/public/models/mounts/horse.glb
file a792858ef1010409d2d63d6cd6f02b70ef003c84235850cd276f567ffa68c50b client/public/models/objects/ammobox.glb
file 99e08cad98bab98f504cf17774a028e744600a154913524684ff5c14f51c678b client/public/models/objects/apple.glb
file 4bec706f658da6313c02032046a31553812f847a3d44577b061953e1be17c002 client/public/models/objects/barrel.glb
file 9d2b166d35fb64302d6e2fdf2f76abf4d9fafff04dc03a36e9bc25cbe5456338 client/public/models/objects/barrel_broken.glb
file d1284a53530932262a3f6987203c660f3dfac5a4c05ef9dc965ecfa1e27666b5 client/public/models/objects/bed.glb
file e30f9410dfda20e57a0cd11e0589060291f2c535424753a57ec848c091e73ef8 client/public/models/objects/beer.glb
file 6c28b55f00cd6b0197cd0204bc79796fc8358aa57fddee95cf287202ee893c83 client/public/models/objects/big_stone_bridge.glb
file f637fc81280d06ec7e2d82196984a6c3af4a9bbf61ab1ee27164a31a8a1be28e client/public/models/objects/black_market_table.glb
file 1f5ee430658b9997fa4b31a90ab51cc70e8986374020785dd89dbfe89c6a4e7b client/public/models/objects/bread.glb
file e7993a87f62e6655fc24e0c21966fc7aca3a086520de54dcd192538d16cd943c client/public/models/objects/bridge_wood.glb
file 9a4f9a3104d22cc1d0b5eb17f4f8ef54f8aef324339577a876bc5505e7eef189 client/public/models/objects/bridge_wood_long.glb
file ffbde088ae7044cc2fce00daca33877e1aea224bf1211d7e7af7255e2d1cb84a client/public/models/objects/campfire.glb
file 2cf60a7865b4e361adc564055a7b805c7e43579e2cdc591cdd2e46ceb2ab0dc5 client/public/models/objects/campfire_kit.glb
file abc97fc846c42b58870e24f6dba055bbc0cb2258a08466215d60ad3cc76b2cb8 client/public/models/objects/cape_dye.glb
file 72904ad8f4d5ace6163688309c72015183ace930f0bef8d3a3336c90bdaab902 client/public/models/objects/cape_transfer_kit.glb
file 48255b24f8f6ea25e78ae735f1c90358ed0997a050f47d202aaa4a13b7fed40c client/public/models/objects/celestial_timekeeper.glb
file 58112cb05ee4411aea371e42944990903091abcc9bade31530c39ca69547a568 client/public/models/objects/chair.glb
file 2ed17dc3a98e7710edcd518dbca90ef2bb3f47e7709ed33e2c1e22eb9713a40f client/public/models/objects/cheese_wedge.glb
file 1181118f13672a9130b607943ca0af6eeb822320b41cded0c57ee62f79a91f4a client/public/models/objects/chest.glb
file 06606efff4fd3728ccb779181c807a8c67b561351430a2a5a3d347329ce88ede client/public/models/objects/chest_animated.glb
file 8125fcaf37639a7746c29ab7210fe478a5fb933cfd4a4d39c1d5b5ab8c1826c6 client/public/models/objects/chicken_rice.glb
file 1168d9b4c25d0c6a011e008190392e65cd0bceedc37e151d9defd01be14f3c1b client/public/models/objects/coin_pile_spill.glb
file d593a79c1b1a51945d86b1e531d3ec24dafd8d1c3ba4cf85085c27888d748d58 client/public/models/objects/crate.glb
file 1195816873552f7a6a65795c6f6580109fc0132b23482cd1003874620465f9df client/public/models/objects/crate_pieces.glb
file be91d7cbc7f659b869357cbbc12d3f827d3026a8b64138eaa0cae29aa7dda8f4 client/public/models/objects/dungeon_key_gold.glb
file 10ad2690c6a4bdeb741d5e219f91f176ae82e9ebec199ab10e2dcb20179dcad4 client/public/models/objects/dungeon_key_silver.glb
file 281625ac4ac74a8ec5f1f1477b6385c6ef6a5f7f05f2d57350b494740d929ce2 client/public/models/objects/empty_plate.glb
file beee04a42c84d9031402960d22a373712c23302eae01b0155d30635fa5d3cd49 client/public/models/objects/greater_healing_potion.glb
file 3cc5d7d03dfb4a2edc288d079c190c5e102c631207d4779c3b050fb306eeb349 client/public/models/objects/healing_potion.glb
file 282313c97aa6a35a672e98b4f814d4cb9442878b87fd0469ea46c4b99425463e client/public/models/objects/healthbox.glb
file da1ec8313c5cb90270da7fc0836341c1b1fc0105253ca2cd81be63943e1cd9f2 client/public/models/objects/horse_reins.glb
file 1d710d25c2e2f481da94782cadbbf0e462022a781c577374a237e814f12077ae client/public/models/objects/iron_arrow.glb
file 8a4b2b3023c5747738085dc8161cb00da8083c0b4d7aebd984303bea09ce1f06 client/public/models/objects/jerky.glb
file c0787fc6b2b4b77d8442fcc7b59a935310232506ad09bec8a07a525eedef4329 client/public/models/objects/land_deed.glb
file 1e76e32faed158021717022d5cb1aeee5261cc7d0a389e6c6c364d6bf549031f client/public/models/objects/landscaping_toolbox.glb
file 5bf248e45ff93401f8e93f3b6f62e92371d4f290308136f81cc8183dd8ace726 client/public/models/objects/lembas_wafer.glb
file 98fca1f80522cded6f31901fb249861760647b0ffbef3207ebd6aef5849cf47f client/public/models/objects/phoenix_talisman.glb
file f0a7d2e89f59286ef0d33becabbefc698b9c324c3da114a1ef85485003066f97 client/public/models/objects/river_rock_01.glb
file 49de59e3f97f4579af6053f21413b88a6e8a4359cfcc3aa388e3028105b448df client/public/models/objects/river_rock_02.glb
file d454e1657b7c8ee92234c8d771938656151d53ea85d4d85fb820af1958097425 client/public/models/objects/river_rock_03.glb
file 00e6f956813f25d58540ba446abcc3b173b9578073d0da82a798f9c1e86354b8 client/public/models/objects/rustic_bed.glb
file 29000d707ad60a4d773629de8d2e7d7fefab5b6c91cd3a1ee000b8afff2a8d3b client/public/models/objects/scroll.glb
file 2e76ae38bc893ed33a689a2f9f57d3ca6f10e858b0cd9dd70478739694887b58 client/public/models/objects/scroll_enchant.glb
file 5dd640e6d5704f0f60e1ad8b95b8ad7ae5e6e6562893d196bcf52e1a4eda2b9f client/public/models/objects/scroll_enchant_armor.glb
file 0d45f97414064c1aab3a7333880bc8659cb3b652fd52a59b41d9d1a55d8f97f4 client/public/models/objects/shells.glb
file 01a7953397af01dba89ac3063b8977a92466187772bceb991607c034a83561a3 client/public/models/objects/signpost.glb
file d44e49f07845af9230d1a2df8c83d0f1488d3f2e7def33ffefb6f230cb75f180 client/public/models/objects/signpost_mirrored.glb
file 8f299e7f2214ed74f7e14ad042c92fae8195a56b12a0634e21d0ed81b14edc7e client/public/models/objects/steel_arrow.glb
file 24e7673717b42ba1f1790b00a22da39b6fe7e55753a143c502e2c395aa3b3e95 client/public/models/objects/stone_bridge.glb
file 1f8f5e27dc544627fb8e0f75c05e1febdf32d9141f73c5abf018b059ec5d51df client/public/models/objects/stone_hearth.glb
file 70df4a7a57f441a59b2c53c73063757a4f47d68e404da6a67afc1695f5064858 client/public/models/objects/table.glb
file 51d37fc983589802c2de8bb8ac0828cce8b962deef1a6ae49bec3bd7507fd454 client/public/models/objects/tip_hat.glb
file cbbb0685cf378a488b89d043bc09d4b64240e7ecdce8b874a0620fc9fa2fc1e0 client/public/models/objects/torch_wall.glb
file f5c46ee2062e8b1372bfecaa145d6da3b2bfe1b9d3461c208c0c479ce1fcac9b client/public/models/objects/whetstone_oil.glb
file 1cf12fcff9ad9946af761448afbcd760800ddc8c82a8fcbbda3b4cb38fc46993 client/public/models/objects/wine.glb
file 3476ea226e930c05b53f49e34938e7bc84c4bdb6578c8a888a60210c3987133b client/public/models/objects/wooden_fence.glb
file 6f481b540cd6c2edd59826a198ee9ac38e709ecbe8ece9897246d8493b012c88 client/public/models/vegetation/tree.glb
file a6b0040c805c6d7d024172344194260b0526a880d112c00c649db55910240819 client/public/models/vegetation/tree2.glb
file 40e19960259ffac010509eee08024918336f9bceead01d340efbff9d0f278838 client/public/models/weapons/bow.glb
file 6022552356cc01071557597b44c4903568fd346e0558e633a87d797c31478e5f client/public/models/weapons/dagger.glb
file 5d720b78575b27f8b132c3a392e214f84b2f5f2bdcb6282912bbcf7ab9035e0d client/public/models/weapons/fishing_rod.glb
file 8ff6bf2e09fc50b0a3e4c2a7ea402de5d9be492e32b6127cf97223f22fbf9607 client/public/models/weapons/goblin_sword.glb
file ccf3bbdb0f8015d8eaec74fc1f654e7d20bd31c2b1ec6637999e6d369e4b2b88 client/public/models/weapons/greatclub.glb
file 0f4aac68f8d973c66bae016f14e6670fca7aaf17f763a36aa3b642fa02666b2b client/public/models/weapons/mandolin.glb
file ae4d030ad86b6574f12ae5123d3c22546067cda70ae7d45855f66352741fd38a client/public/models/weapons/morningstar.glb
file 240d3dbf31d893bc562a1ca3d290ffd477fa617e2b9f480bc63ec56736724955 client/public/models/weapons/small_sword.glb
file c8f7adafb9c8f40955486e162b9e4a33b0fea9b8da2f0772f271c48be91a7b88 client/public/models/weapons/spear.glb
file e04b022be2ec0fbfa2569bcd7b110c6a631ba19a5a599cd1fef298150137de7a client/public/models/weapons/steel_longsword.glb
file e902bc85f07ea4f7307d7e6363f9915b9a30414b84f7529b99f0a007e913a1b5 client/public/models/weapons/sword.glb
file 6ea83950eba29af1bf024d50ab39dc3fe623e2d52c749c2488f8d86986584d00 client/public/models/weapons/torch.glb
file e14d8a8d9b17818c7169399a9102b0c90c296b06d1d6b723e63a2488e4b20ac6 client/public/textures/cliff_side_1k.glb
file 5082181810a11fd2e60311f4fc7b1e5d0d55ebc9c19c1214f1fbed5c84f6a56e client/public/textures/cobblestone_color_1k.glb
file 75af48a774ec6644573daa97641defafe3268687b34d53c7ed74f0a305e61097 client/public/textures/dungeon/damaged_plaster_1k.glb
file 0421ac25ecca32dc95ccfb6dccecf0c6371d68ca60f4ffe8e34c4cc79f5b66eb client/public/textures/dungeon/old_stone_wall_1k.glb
file 13c02ef17091ae683ec6d88fbf4328fddb82026a5462b5dfaa67307de3ea3f5d client/public/textures/dungeon/plaster_stone_wall_02_1k.glb
file fb064e123259f66060424b364b67b778b82e4d4eb94159661aedfac48cce7b74 client/public/textures/dungeon/rabdentse_ruins_wall_1k.glb
file 72bc8ae0ba7000cd824e1befdbb8d5a6dbead58d11685246f5a58c97afbc5bfb client/public/textures/dungeon/rock_wall_05_1k.glb
file 4419d8e3ee739c216bb138dfa340bbb6d71f9c4c4f2ec94dfc3e278fd6c4ada3 client/public/textures/dungeon/rock_wall_08_1k.glb
file e04880ac2a12413cc7a0fb8d3aac3fd5288f20fa5e0fb1d5617fe2bf90943140 client/public/textures/dungeon/rock_wall_10_1k.glb
file 63365865079bc20934bbd0f99996cfacb2ba301b7e46f89cbe9fe16e87739232 client/public/textures/dungeon/rock_wall_13_1k.glb
file 078a9f93e91efcc23601fa6d2c65be8e2d9131023bb88a7bc5d636f299670d28 client/public/textures/dungeon/rustic_stone_wall_1k.glb
file bdbeba2fe530d74dc0c295383e408076cc7b80352c85599987551e3c42591e8a client/public/textures/dungeon/rusty_metal_grid_1k.glb
file 72ef7bf5e5ed51c5c5f1fed00eb634534ae8c5dd24b455c01fc1a295f34b2069 client/public/textures/dungeon/wooden_garage_door_1k.glb
file a306177a28aa932208b8a23ebfd714b56b78d8494d8d0cf4362ea561030dd2d0 client/public/textures/fine_sand_material.glb
file 54e768c16019365d5949ec12f31e2ad52fb45847392bf74cbb7be2aa4ae05ed8 client/public/textures/ganges_river_pebbles_1k.glb
file e48bac655d850952d216fe1047faa022ba758d6b6a46aed61f54c188467428c5 client/public/textures/gravel_floor_1k.glb
file 4d2818f3cd64a9fae5c37f94126365971c43e6bb431799d44c959db9ce27fdad client/public/textures/gravel_road_1k.glb
file 55cd4ed645bb0d639f05818cf14a4ddb6023dc634d9a54a114e1deeb5762215c client/public/textures/gray_rocks_1k.glb
file 82bb1631a25472985a5772c4045492a930fbe9d761b5a23fbc6544bcc7b9075b client/public/textures/housing/beige_wall_001_1k.glb
file dc49e0de5a77aec45e6affe5eca51bf6868a83059be6b038baf55692c3f3058d client/public/textures/housing/clay_roof_tiles_02_1k.glb
file 00f0d1a0999160e474f4e3701c8d456c8eed2ca5743c485db7abcf7513090af5 client/public/textures/housing/clay_roof_tiles_03_1k.glb
file c42d07cdd070667b05532203ad9eb3eaa302349715a0a97e1adfc11789cdc53a client/public/textures/housing/dark_wooden_planks_1k.glb
file 1f0b9b04cc6bb2ef86b2a89f589c8b047efad18820d2df4c889b1b789dd3459d client/public/textures/housing/grey_roof_tiles_02_1k.glb
file 9b9b48f3579c07006bb0a3753e1744019a6486e96d321bc7056207d8f94adce1 client/public/textures/housing/grey_stone_path_1k.glb
file bf24db4c81b863f77f19c8a0498073d1721e6f21f6c2e0d8d59357c13f717445 client/public/textures/housing/marble_01_1k.glb
file 33d649d5248a177526d5d26ae531bbf4b8276c079444d060ff3105c52c074e80 client/public/textures/housing/medieval_blocks_03_1k.glb
file c9cf824419a782498e1b2c1c1053487ece74791fd7b2d14c4cd8e5a78a0bca25 client/public/textures/housing/planks_brown_10_1k.glb
file bc66b21acdf340d3457af8af07b5f1851fad0429c1e76f6883e091644565b32c client/public/textures/housing/plaster_wood_wall_1k.glb
file 5c11a00cdf0aa0d5a21ae46b0126cf4fd52f489742494c53ec573e2a62bcb777 client/public/textures/housing/red_brick_1k.glb
file 136fc6c1d17799a8b05adbcbe3dbce4349d1e365b8fa8d9f4cc6ea44f8fe7d28 client/public/textures/housing/reed_roof_03_1k.glb
file 484aea36a2f6b8e56879228fb8ad202cf75ddce60164404d453ec93716f6145a client/public/textures/housing/rough_linen_1k.glb
file cac88415938b6ce004ce656c4028250ca3f4f4e59f1860b0c6bfe6e178bbd499 client/public/textures/housing/sandstone_blocks_04_1k.glb
file bd2a683ec26ce00bef821ad138c311fb76682458f9aa04cced86372c816f0999 client/public/textures/housing/shutter_panel_1k.glb
file 90d3c8115608d5de7e852d65a26cf618e2145f1e6c9186acd56609a6c38ef9bd client/public/textures/housing/weathered_planks_1k.glb
file e359434817f107bed570afbe5f56552aab45ab5f4b5f25d2a0e92d758a4dd1de client/public/textures/housing/wood_plank_wall_1k.glb
file 9d25641e1cdb40b95bdc1586a7b1501004873dcacb560ad06c3e0e21892ccb2e client/public/textures/housing/wood_planks_1k.glb
file 884cb452d011d5c0f2e61df6928e2036ececfaabd8ada9876717598189ead1e7 client/public/textures/housing/wood_shutter_1k.glb
file 64eb3c569902a8b9b98cf3bc5e25809d819363ea37a018786f2a69564700b12e client/public/textures/housing/wood_trunk_wall_1k.glb
file 171427a9696aea3d3d6b446f5a430a8f417fb2d9c0bbd44279f744ddd7d5401d client/public/textures/housing/worn_mossy_plasterwall_1k.glb
file 03016468329f0c5e824266a3464ec1d3ec8d2f1835d40928db2ccaff1e2f718f client/public/textures/japanese_stone_wall_1k.glb
file 71501ce3194fd7d94ba0a92554b18cb617af49191ea40bdc02ba52f48a4eb091 client/public/textures/marble_cliff_01_1k.glb
file e96191d3d22a6bc288a7c3ac8e1c1a57f7683538c3c218cc87c6adcbf1457810 client/public/textures/patterned_paving_02_1k.glb
file 6df5b73340b7d1f8ff6365b5a474b1015c71c6b6754b08f5c4ab102d335df084 client/public/textures/pavement_02_1k.glb
file 4113aad8e3ec9e78e741331c304b041ca92bf5cfb56bf28ff4fb57175c3a9598 client/public/textures/red_laterite_soil_stones_1k.glb
file 2e62e5b7b19ae0c861c6f5ae9dc90b44d8bb60f02fbb1a2e4eb4b9906a929297 client/public/textures/rock_embedded_concrete_1k.glb
file b22ffb6bfbb4fcf15e74379fbe952c96fddbbc1df0179d209f2d7da09479f3ad client/public/textures/rocky_terrain_02_1k.glb
file ab8674db22f157ab281c524914f75003abfda7a4e1061cb7d22dfe623d31b256 client/public/textures/rocky_trail_1k.glb
file 741f6f22f8d3a9a8ea6b31e1da6a8028c0a734a6254e845dc59410b583747a64 client/public/textures/sandy_gravel_02_1k.glb
file 40f71e87bcf92d161451904f89aa6aa5ff8554affcfd0299f6f61823b3879021 client/public/textures/snow_02_1k.glb
file babe34f5c4b0fc7c67396c0b46b8a6fc0716ff3748bba575d4b719d0ef6526d2 client/public/textures/stone_pathway_1k.glb
